// !$*UTF8*$!
{
	archiveVersion = 1;
	classes = {
	};
	objectVersion = 55;
	objects = {

/* Begin PBXBuildFile section */
		8601040A27F9E304007F8F32 /* UnlockManager.swift in Sources */ = {isa = PBXBuildFile; fileRef = 8601040927F9E304007F8F32 /* UnlockManager.swift */; };
		8601040E27F9F0F3007F8F32 /* SKProduct+Ext.swift in Sources */ = {isa = PBXBuildFile; fileRef = 8601040D27F9F0F3007F8F32 /* SKProduct+Ext.swift */; };
		8601041027F9F127007F8F32 /* PurchaseButton.swift in Sources */ = {isa = PBXBuildFile; fileRef = 8601040F27F9F127007F8F32 /* PurchaseButton.swift */; };
		8601041227F9F382007F8F32 /* ProductView.swift in Sources */ = {isa = PBXBuildFile; fileRef = 8601041127F9F382007F8F32 /* ProductView.swift */; };
		8601041427F9F42C007F8F32 /* UnlockView.swift in Sources */ = {isa = PBXBuildFile; fileRef = 8601041327F9F42C007F8F32 /* UnlockView.swift */; };
		8601041627FA4DF9007F8F32 /* AppDelegate.swift in Sources */ = {isa = PBXBuildFile; fileRef = 8601041527FA4DF9007F8F32 /* AppDelegate.swift */; };
		8601041827FA4E0A007F8F32 /* SceneDelegate.swift in Sources */ = {isa = PBXBuildFile; fileRef = 8601041727FA4E0A007F8F32 /* SceneDelegate.swift */; };
		8603777B27FE6BDA00D30758 /* SharedProject.swift in Sources */ = {isa = PBXBuildFile; fileRef = 8603777A27FE6BDA00D30758 /* SharedProject.swift */; };
		8603777D27FE6BF100D30758 /* SharedItem.swift in Sources */ = {isa = PBXBuildFile; fileRef = 8603777C27FE6BF100D30758 /* SharedItem.swift */; };
		8603777F27FE6C2E00D30758 /* SharedProjectsView.swift in Sources */ = {isa = PBXBuildFile; fileRef = 8603777E27FE6C2E00D30758 /* SharedProjectsView.swift */; };
		8603778127FE6C3D00D30758 /* LoadState.swift in Sources */ = {isa = PBXBuildFile; fileRef = 8603778027FE6C3D00D30758 /* LoadState.swift */; };
		8603778327FE6EFD00D30758 /* SharedItemsView.swift in Sources */ = {isa = PBXBuildFile; fileRef = 8603778227FE6EFD00D30758 /* SharedItemsView.swift */; };
		8603778527FE741100D30758 /* SignInView.swift in Sources */ = {isa = PBXBuildFile; fileRef = 8603778427FE741100D30758 /* SignInView.swift */; };
		860EBEA627EA0E9C00BD95E7 /* Bundle+Ext.swift in Sources */ = {isa = PBXBuildFile; fileRef = 860EBEA527EA0E9C00BD95E7 /* Bundle+Ext.swift */; };
		860EBEA827EA183B00BD95E7 /* Award.swift in Sources */ = {isa = PBXBuildFile; fileRef = 860EBEA727EA183B00BD95E7 /* Award.swift */; };
		860EBEAA27EA191B00BD95E7 /* AwardsView.swift in Sources */ = {isa = PBXBuildFile; fileRef = 860EBEA927EA191B00BD95E7 /* AwardsView.swift */; };
		860EBEAC27EA292D00BD95E7 /* SelectSomethingView.swift in Sources */ = {isa = PBXBuildFile; fileRef = 860EBEAB27EA292D00BD95E7 /* SelectSomethingView.swift */; };
		860EBEAE27EA2D3A00BD95E7 /* Color+Ext.swift in Sources */ = {isa = PBXBuildFile; fileRef = 860EBEAD27EA2D3A00BD95E7 /* Color+Ext.swift */; };
		861DE21127E4DD5C002B1171 /* CloudKit.framework in Frameworks */ = {isa = PBXBuildFile; fileRef = 861DE21027E4DD5C002B1171 /* CloudKit.framework */; };
		861DE21327E4F517002B1171 /* HomeView.swift in Sources */ = {isa = PBXBuildFile; fileRef = 861DE21227E4F517002B1171 /* HomeView.swift */; };
		861DE21527E4F5DF002B1171 /* ProjectsView.swift in Sources */ = {isa = PBXBuildFile; fileRef = 861DE21427E4F5DF002B1171 /* ProjectsView.swift */; };
		861DE21F27E5052B002B1171 /* Item+CoreData.swift in Sources */ = {isa = PBXBuildFile; fileRef = 861DE21E27E5052B002B1171 /* Item+CoreData.swift */; };
		861DE22127E5075C002B1171 /* Project+CoreData.swift in Sources */ = {isa = PBXBuildFile; fileRef = 861DE22027E5075C002B1171 /* Project+CoreData.swift */; };
		8651719527E8D2B4003C6DDC /* EditItemView.swift in Sources */ = {isa = PBXBuildFile; fileRef = 8651719427E8D2B4003C6DDC /* EditItemView.swift */; };
		8651719727E8D33D003C6DDC /* ItemRowView.swift in Sources */ = {isa = PBXBuildFile; fileRef = 8651719627E8D33D003C6DDC /* ItemRowView.swift */; };
		8651719927E8D81E003C6DDC /* Binding+Ext.swift in Sources */ = {isa = PBXBuildFile; fileRef = 8651719827E8D81E003C6DDC /* Binding+Ext.swift */; };
		8651719D27E8DFF9003C6DDC /* ProjectHeaderView.swift in Sources */ = {isa = PBXBuildFile; fileRef = 8651719C27E8DFF9003C6DDC /* ProjectHeaderView.swift */; };
		8651719F27E8E5E2003C6DDC /* Colors.xcassets in Resources */ = {isa = PBXBuildFile; fileRef = 8651719E27E8E5E2003C6DDC /* Colors.xcassets */; };
		865171A127E8EA0D003C6DDC /* EditProjectView.swift in Sources */ = {isa = PBXBuildFile; fileRef = 865171A027E8EA0D003C6DDC /* EditProjectView.swift */; };
		865171A327E9139D003C6DDC /* Sequence+Ext.swift in Sources */ = {isa = PBXBuildFile; fileRef = 865171A227E9139D003C6DDC /* Sequence+Ext.swift */; };
		86784F0A27EE53A8005EC3A6 /* ProjectTests.swift in Sources */ = {isa = PBXBuildFile; fileRef = 86784F0927EE53A8005EC3A6 /* ProjectTests.swift */; };
		86784F0C27EE59F6005EC3A6 /* AwardTests.swift in Sources */ = {isa = PBXBuildFile; fileRef = 86784F0B27EE59F6005EC3A6 /* AwardTests.swift */; };
		86784F0E27EE63A6005EC3A6 /* DevelopmentTests.swift in Sources */ = {isa = PBXBuildFile; fileRef = 86784F0D27EE63A6005EC3A6 /* DevelopmentTests.swift */; };
		86784F1027EE6DBC005EC3A6 /* ExtensionTests.swift in Sources */ = {isa = PBXBuildFile; fileRef = 86784F0F27EE6DBC005EC3A6 /* ExtensionTests.swift */; };
		86784F1527EE7A83005EC3A6 /* PerformanceTests.swift in Sources */ = {isa = PBXBuildFile; fileRef = 86784F1427EE7A83005EC3A6 /* PerformanceTests.swift */; };
		86784F1D27EE816B005EC3A6 /* MyPortfolioUITests.swift in Sources */ = {isa = PBXBuildFile; fileRef = 86784F1C27EE816B005EC3A6 /* MyPortfolioUITests.swift */; };
		86784F1F27EE816B005EC3A6 /* MyPortfolioUITestsLaunchTests.swift in Sources */ = {isa = PBXBuildFile; fileRef = 86784F1E27EE816B005EC3A6 /* MyPortfolioUITestsLaunchTests.swift */; };
		868E96D327EEBB2400B540BA /* ProjectsViewModel.swift in Sources */ = {isa = PBXBuildFile; fileRef = 868E96D227EEBB2400B540BA /* ProjectsViewModel.swift */; };
		868E96D627EF639400B540BA /* HomeViewModel.swift in Sources */ = {isa = PBXBuildFile; fileRef = 868E96D527EF639400B540BA /* HomeViewModel.swift */; };
		868E96DA27EF6F3D00B540BA /* ItemRowViewModel.swift in Sources */ = {isa = PBXBuildFile; fileRef = 868E96D927EF6F3D00B540BA /* ItemRowViewModel.swift */; };
		868F64C427FBD4AB00BF71BB /* Colors.xcassets in Resources */ = {isa = PBXBuildFile; fileRef = 8651719E27E8E5E2003C6DDC /* Colors.xcassets */; };
		868F64C527FBD4BB00BF71BB /* Project+CoreData.swift in Sources */ = {isa = PBXBuildFile; fileRef = 861DE22027E5075C002B1171 /* Project+CoreData.swift */; };
		868F64C627FBD4CA00BF71BB /* Sequence+Ext.swift in Sources */ = {isa = PBXBuildFile; fileRef = 865171A227E9139D003C6DDC /* Sequence+Ext.swift */; };
		868F64C927FBDCCD00BF71BB /* DataProvider.swift in Sources */ = {isa = PBXBuildFile; fileRef = 868F64C727FBDCBD00BF71BB /* DataProvider.swift */; };
		868F64CC27FBDD1A00BF71BB /* SimpleWidget.swift in Sources */ = {isa = PBXBuildFile; fileRef = 868F64CA27FBDD1700BF71BB /* SimpleWidget.swift */; };
		868F64CF27FBDD2E00BF71BB /* ComplexWidget.swift in Sources */ = {isa = PBXBuildFile; fileRef = 868F64CD27FBDD2900BF71BB /* ComplexWidget.swift */; };
		86B8A8EE27FA7B5500639A14 /* WidgetKit.framework in Frameworks */ = {isa = PBXBuildFile; fileRef = 86B8A8ED27FA7B5500639A14 /* WidgetKit.framework */; };
		86B8A8F027FA7B5500639A14 /* SwiftUI.framework in Frameworks */ = {isa = PBXBuildFile; fileRef = 86B8A8EF27FA7B5500639A14 /* SwiftUI.framework */; };
		86B8A8F327FA7B5500639A14 /* PortfolioWidgets.swift in Sources */ = {isa = PBXBuildFile; fileRef = 86B8A8F227FA7B5500639A14 /* PortfolioWidgets.swift */; };
		86B8A8F527FA7B5700639A14 /* Assets.xcassets in Resources */ = {isa = PBXBuildFile; fileRef = 86B8A8F427FA7B5700639A14 /* Assets.xcassets */; };
		86B8A8F927FA7B5700639A14 /* ProjectAssistantWidgetExtension.appex in Embed App Extensions */ = {isa = PBXBuildFile; fileRef = 86B8A8EC27FA7B5500639A14 /* ProjectAssistantWidgetExtension.appex */; settings = {ATTRIBUTES = (RemoveHeadersOnCopy, ); }; };
		86B8A8FE27FA7C3200639A14 /* Main.xcdatamodeld in Sources */ = {isa = PBXBuildFile; fileRef = 86C5050127E4CF580074EBB8 /* Main.xcdatamodeld */; };
		86B8A8FF27FA7C4500639A14 /* Item+CoreData.swift in Sources */ = {isa = PBXBuildFile; fileRef = 861DE21E27E5052B002B1171 /* Item+CoreData.swift */; };
		86B8A90027FA7C5500639A14 /* DataController.swift in Sources */ = {isa = PBXBuildFile; fileRef = 86C5050427E4D2D80074EBB8 /* DataController.swift */; };
		86B8A90927FA7EFD00639A14 /* DataController+Ext.swift in Sources */ = {isa = PBXBuildFile; fileRef = 86B8A90827FA7EFD00639A14 /* DataController+Ext.swift */; };
		86B8A90B27FA881800639A14 /* Localizable.strings in Resources */ = {isa = PBXBuildFile; fileRef = 86FC794127EB9AF4003E16FE /* Localizable.strings */; };
		86C504F427E4CC270074EBB8 /* ProjectAssistantApp.swift in Sources */ = {isa = PBXBuildFile; fileRef = 86C504F327E4CC270074EBB8 /* ProjectAssistantApp.swift */; };
		86C504F627E4CC270074EBB8 /* ContentView.swift in Sources */ = {isa = PBXBuildFile; fileRef = 86C504F527E4CC270074EBB8 /* ContentView.swift */; };
		86C504F827E4CC290074EBB8 /* Assets.xcassets in Resources */ = {isa = PBXBuildFile; fileRef = 86C504F727E4CC290074EBB8 /* Assets.xcassets */; };
		86C504FB27E4CC290074EBB8 /* Preview Assets.xcassets in Resources */ = {isa = PBXBuildFile; fileRef = 86C504FA27E4CC290074EBB8 /* Preview Assets.xcassets */; };
		86C5050327E4CF580074EBB8 /* Main.xcdatamodeld in Sources */ = {isa = PBXBuildFile; fileRef = 86C5050127E4CF580074EBB8 /* Main.xcdatamodeld */; };
		86C5050527E4D2D80074EBB8 /* DataController.swift in Sources */ = {isa = PBXBuildFile; fileRef = 86C5050427E4D2D80074EBB8 /* DataController.swift */; };
		86D59C5327EDFE5200A60DDD /* My-Portfolio-Info.plist in Resources */ = {isa = PBXBuildFile; fileRef = 86D59C5227EDFE5200A60DDD /* My-Portfolio-Info.plist */; };
		86D59C5B27EE090600A60DDD /* MyPortfolioTests.swift in Sources */ = {isa = PBXBuildFile; fileRef = 86D59C5A27EE090600A60DDD /* MyPortfolioTests.swift */; };
		86D59C6227EE0B1F00A60DDD /* AssetTest.swift in Sources */ = {isa = PBXBuildFile; fileRef = 86D59C6127EE0B1F00A60DDD /* AssetTest.swift */; };
		86FC793F27EB9AF4003E16FE /* Localizable.strings in Resources */ = {isa = PBXBuildFile; fileRef = 86FC794127EB9AF4003E16FE /* Localizable.strings */; };
		86FC794327EB9B2F003E16FE /* Localizable.stringsdict in Resources */ = {isa = PBXBuildFile; fileRef = 86FC794527EB9B2F003E16FE /* Localizable.stringsdict */; };
		86FC794727EB9B44003E16FE /* Awards.json in Resources */ = {isa = PBXBuildFile; fileRef = 86FC794927EB9B44003E16FE /* Awards.json */; };
		86FC794D27ECD558003E16FE /* ItemListView.swift in Sources */ = {isa = PBXBuildFile; fileRef = 86FC794C27ECD558003E16FE /* ItemListView.swift */; };
		86FC794F27ECD653003E16FE /* ProjectSummaryView.swift in Sources */ = {isa = PBXBuildFile; fileRef = 86FC794E27ECD653003E16FE /* ProjectSummaryView.swift */; };
/* End PBXBuildFile section */

/* Begin PBXContainerItemProxy section */
		86784F2027EE816B005EC3A6 /* PBXContainerItemProxy */ = {
			isa = PBXContainerItemProxy;
			containerPortal = 86C504E827E4CC270074EBB8 /* Project object */;
			proxyType = 1;
			remoteGlobalIDString = 86C504EF27E4CC270074EBB8;
			remoteInfo = "My Portfolio";
		};
		86B8A8F727FA7B5700639A14 /* PBXContainerItemProxy */ = {
			isa = PBXContainerItemProxy;
			containerPortal = 86C504E827E4CC270074EBB8 /* Project object */;
			proxyType = 1;
			remoteGlobalIDString = 86B8A8EB27FA7B5500639A14;
			remoteInfo = PortfolioWidgetExtension;
		};
		86D59C5C27EE090700A60DDD /* PBXContainerItemProxy */ = {
			isa = PBXContainerItemProxy;
			containerPortal = 86C504E827E4CC270074EBB8 /* Project object */;
			proxyType = 1;
			remoteGlobalIDString = 86C504EF27E4CC270074EBB8;
			remoteInfo = "My Portfolio";
		};
/* End PBXContainerItemProxy section */

/* Begin PBXCopyFilesBuildPhase section */
		86B8A8FA27FA7B5700639A14 /* Embed App Extensions */ = {
			isa = PBXCopyFilesBuildPhase;
			buildActionMask = 2147483647;
			dstPath = "";
			dstSubfolderSpec = 13;
			files = (
				86B8A8F927FA7B5700639A14 /* ProjectAssistantWidgetExtension.appex in Embed App Extensions */,
			);
			name = "Embed App Extensions";
			runOnlyForDeploymentPostprocessing = 0;
		};
/* End PBXCopyFilesBuildPhase section */

/* Begin PBXFileReference section */
		8601040927F9E304007F8F32 /* UnlockManager.swift */ = {isa = PBXFileReference; lastKnownFileType = sourcecode.swift; path = UnlockManager.swift; sourceTree = "<group>"; };
		8601040C27F9E536007F8F32 /* Configuration.storekit */ = {isa = PBXFileReference; lastKnownFileType = text; path = Configuration.storekit; sourceTree = "<group>"; };
		8601040D27F9F0F3007F8F32 /* SKProduct+Ext.swift */ = {isa = PBXFileReference; lastKnownFileType = sourcecode.swift; path = "SKProduct+Ext.swift"; sourceTree = "<group>"; };
		8601040F27F9F127007F8F32 /* PurchaseButton.swift */ = {isa = PBXFileReference; lastKnownFileType = sourcecode.swift; path = PurchaseButton.swift; sourceTree = "<group>"; };
		8601041127F9F382007F8F32 /* ProductView.swift */ = {isa = PBXFileReference; lastKnownFileType = sourcecode.swift; path = ProductView.swift; sourceTree = "<group>"; };
		8601041327F9F42C007F8F32 /* UnlockView.swift */ = {isa = PBXFileReference; lastKnownFileType = sourcecode.swift; path = UnlockView.swift; sourceTree = "<group>"; };
		8601041527FA4DF9007F8F32 /* AppDelegate.swift */ = {isa = PBXFileReference; lastKnownFileType = sourcecode.swift; path = AppDelegate.swift; sourceTree = "<group>"; };
		8601041727FA4E0A007F8F32 /* SceneDelegate.swift */ = {isa = PBXFileReference; lastKnownFileType = sourcecode.swift; path = SceneDelegate.swift; sourceTree = "<group>"; };
		8603777A27FE6BDA00D30758 /* SharedProject.swift */ = {isa = PBXFileReference; lastKnownFileType = sourcecode.swift; path = SharedProject.swift; sourceTree = "<group>"; };
		8603777C27FE6BF100D30758 /* SharedItem.swift */ = {isa = PBXFileReference; lastKnownFileType = sourcecode.swift; path = SharedItem.swift; sourceTree = "<group>"; };
		8603777E27FE6C2E00D30758 /* SharedProjectsView.swift */ = {isa = PBXFileReference; lastKnownFileType = sourcecode.swift; path = SharedProjectsView.swift; sourceTree = "<group>"; };
		8603778027FE6C3D00D30758 /* LoadState.swift */ = {isa = PBXFileReference; lastKnownFileType = sourcecode.swift; path = LoadState.swift; sourceTree = "<group>"; };
		8603778227FE6EFD00D30758 /* SharedItemsView.swift */ = {isa = PBXFileReference; lastKnownFileType = sourcecode.swift; path = SharedItemsView.swift; sourceTree = "<group>"; };
		8603778427FE741100D30758 /* SignInView.swift */ = {isa = PBXFileReference; lastKnownFileType = sourcecode.swift; path = SignInView.swift; sourceTree = "<group>"; };
		860EBEA527EA0E9C00BD95E7 /* Bundle+Ext.swift */ = {isa = PBXFileReference; lastKnownFileType = sourcecode.swift; path = "Bundle+Ext.swift"; sourceTree = "<group>"; };
		860EBEA727EA183B00BD95E7 /* Award.swift */ = {isa = PBXFileReference; lastKnownFileType = sourcecode.swift; path = Award.swift; sourceTree = "<group>"; };
		860EBEA927EA191B00BD95E7 /* AwardsView.swift */ = {isa = PBXFileReference; lastKnownFileType = sourcecode.swift; path = AwardsView.swift; sourceTree = "<group>"; };
		860EBEAB27EA292D00BD95E7 /* SelectSomethingView.swift */ = {isa = PBXFileReference; lastKnownFileType = sourcecode.swift; path = SelectSomethingView.swift; sourceTree = "<group>"; };
		860EBEAD27EA2D3A00BD95E7 /* Color+Ext.swift */ = {isa = PBXFileReference; lastKnownFileType = sourcecode.swift; path = "Color+Ext.swift"; sourceTree = "<group>"; };
		861DE20D27E4DD25002B1171 /* My Portfolio.entitlements */ = {isa = PBXFileReference; lastKnownFileType = text.plist.entitlements; path = "My Portfolio.entitlements"; sourceTree = "<group>"; };
		861DE21027E4DD5C002B1171 /* CloudKit.framework */ = {isa = PBXFileReference; lastKnownFileType = wrapper.framework; name = CloudKit.framework; path = System/Library/Frameworks/CloudKit.framework; sourceTree = SDKROOT; };
		861DE21227E4F517002B1171 /* HomeView.swift */ = {isa = PBXFileReference; lastKnownFileType = sourcecode.swift; path = HomeView.swift; sourceTree = "<group>"; };
		861DE21427E4F5DF002B1171 /* ProjectsView.swift */ = {isa = PBXFileReference; lastKnownFileType = sourcecode.swift; path = ProjectsView.swift; sourceTree = "<group>"; };
		861DE21E27E5052B002B1171 /* Item+CoreData.swift */ = {isa = PBXFileReference; lastKnownFileType = sourcecode.swift; path = "Item+CoreData.swift"; sourceTree = "<group>"; };
		861DE22027E5075C002B1171 /* Project+CoreData.swift */ = {isa = PBXFileReference; lastKnownFileType = sourcecode.swift; path = "Project+CoreData.swift"; sourceTree = "<group>"; };
		8651719427E8D2B4003C6DDC /* EditItemView.swift */ = {isa = PBXFileReference; lastKnownFileType = sourcecode.swift; path = EditItemView.swift; sourceTree = "<group>"; };
		8651719627E8D33D003C6DDC /* ItemRowView.swift */ = {isa = PBXFileReference; lastKnownFileType = sourcecode.swift; path = ItemRowView.swift; sourceTree = "<group>"; };
		8651719827E8D81E003C6DDC /* Binding+Ext.swift */ = {isa = PBXFileReference; lastKnownFileType = sourcecode.swift; path = "Binding+Ext.swift"; sourceTree = "<group>"; };
		8651719C27E8DFF9003C6DDC /* ProjectHeaderView.swift */ = {isa = PBXFileReference; lastKnownFileType = sourcecode.swift; path = ProjectHeaderView.swift; sourceTree = "<group>"; };
		8651719E27E8E5E2003C6DDC /* Colors.xcassets */ = {isa = PBXFileReference; lastKnownFileType = folder.assetcatalog; path = Colors.xcassets; sourceTree = "<group>"; };
		865171A027E8EA0D003C6DDC /* EditProjectView.swift */ = {isa = PBXFileReference; lastKnownFileType = sourcecode.swift; path = EditProjectView.swift; sourceTree = "<group>"; };
		865171A227E9139D003C6DDC /* Sequence+Ext.swift */ = {isa = PBXFileReference; lastKnownFileType = sourcecode.swift; path = "Sequence+Ext.swift"; sourceTree = "<group>"; };
		86784F0927EE53A8005EC3A6 /* ProjectTests.swift */ = {isa = PBXFileReference; lastKnownFileType = sourcecode.swift; path = ProjectTests.swift; sourceTree = "<group>"; };
		86784F0B27EE59F6005EC3A6 /* AwardTests.swift */ = {isa = PBXFileReference; lastKnownFileType = sourcecode.swift; path = AwardTests.swift; sourceTree = "<group>"; };
		86784F0D27EE63A6005EC3A6 /* DevelopmentTests.swift */ = {isa = PBXFileReference; lastKnownFileType = sourcecode.swift; path = DevelopmentTests.swift; sourceTree = "<group>"; };
		86784F0F27EE6DBC005EC3A6 /* ExtensionTests.swift */ = {isa = PBXFileReference; lastKnownFileType = sourcecode.swift; path = ExtensionTests.swift; sourceTree = "<group>"; };
		86784F1227EE7222005EC3A6 /* DecodableDictionary.json */ = {isa = PBXFileReference; lastKnownFileType = text.json; path = DecodableDictionary.json; sourceTree = "<group>"; };
		86784F1327EE7257005EC3A6 /* DecodableString.json */ = {isa = PBXFileReference; lastKnownFileType = text.json; path = DecodableString.json; sourceTree = "<group>"; };
		86784F1427EE7A83005EC3A6 /* PerformanceTests.swift */ = {isa = PBXFileReference; lastKnownFileType = sourcecode.swift; path = PerformanceTests.swift; sourceTree = "<group>"; };
		86784F1A27EE816A005EC3A6 /* ProjectAssistantUITests.xctest */ = {isa = PBXFileReference; explicitFileType = wrapper.cfbundle; includeInIndex = 0; path = ProjectAssistantUITests.xctest; sourceTree = BUILT_PRODUCTS_DIR; };
		86784F1C27EE816B005EC3A6 /* MyPortfolioUITests.swift */ = {isa = PBXFileReference; lastKnownFileType = sourcecode.swift; path = MyPortfolioUITests.swift; sourceTree = "<group>"; };
		86784F1E27EE816B005EC3A6 /* MyPortfolioUITestsLaunchTests.swift */ = {isa = PBXFileReference; lastKnownFileType = sourcecode.swift; path = MyPortfolioUITestsLaunchTests.swift; sourceTree = "<group>"; };
		868E96D227EEBB2400B540BA /* ProjectsViewModel.swift */ = {isa = PBXFileReference; lastKnownFileType = sourcecode.swift; path = ProjectsViewModel.swift; sourceTree = "<group>"; };
		868E96D527EF639400B540BA /* HomeViewModel.swift */ = {isa = PBXFileReference; lastKnownFileType = sourcecode.swift; path = HomeViewModel.swift; sourceTree = "<group>"; };
		868E96D927EF6F3D00B540BA /* ItemRowViewModel.swift */ = {isa = PBXFileReference; lastKnownFileType = sourcecode.swift; path = ItemRowViewModel.swift; sourceTree = "<group>"; };
		868F64C727FBDCBD00BF71BB /* DataProvider.swift */ = {isa = PBXFileReference; lastKnownFileType = sourcecode.swift; path = DataProvider.swift; sourceTree = "<group>"; };
		868F64CA27FBDD1700BF71BB /* SimpleWidget.swift */ = {isa = PBXFileReference; lastKnownFileType = sourcecode.swift; path = SimpleWidget.swift; sourceTree = "<group>"; };
		868F64CD27FBDD2900BF71BB /* ComplexWidget.swift */ = {isa = PBXFileReference; lastKnownFileType = sourcecode.swift; path = ComplexWidget.swift; sourceTree = "<group>"; };
		86B8A8EC27FA7B5500639A14 /* ProjectAssistantWidgetExtension.appex */ = {isa = PBXFileReference; explicitFileType = "wrapper.app-extension"; includeInIndex = 0; path = ProjectAssistantWidgetExtension.appex; sourceTree = BUILT_PRODUCTS_DIR; };
		86B8A8ED27FA7B5500639A14 /* WidgetKit.framework */ = {isa = PBXFileReference; lastKnownFileType = wrapper.framework; name = WidgetKit.framework; path = System/Library/Frameworks/WidgetKit.framework; sourceTree = SDKROOT; };
		86B8A8EF27FA7B5500639A14 /* SwiftUI.framework */ = {isa = PBXFileReference; lastKnownFileType = wrapper.framework; name = SwiftUI.framework; path = System/Library/Frameworks/SwiftUI.framework; sourceTree = SDKROOT; };
		86B8A8F227FA7B5500639A14 /* PortfolioWidgets.swift */ = {isa = PBXFileReference; lastKnownFileType = sourcecode.swift; path = PortfolioWidgets.swift; sourceTree = "<group>"; };
		86B8A8F427FA7B5700639A14 /* Assets.xcassets */ = {isa = PBXFileReference; lastKnownFileType = folder.assetcatalog; path = Assets.xcassets; sourceTree = "<group>"; };
		86B8A8F627FA7B5700639A14 /* Info.plist */ = {isa = PBXFileReference; lastKnownFileType = text.plist.xml; path = Info.plist; sourceTree = "<group>"; };
		86B8A90827FA7EFD00639A14 /* DataController+Ext.swift */ = {isa = PBXFileReference; lastKnownFileType = sourcecode.swift; path = "DataController+Ext.swift"; sourceTree = "<group>"; };
		86B8A90A27FA815300639A14 /* PortfolioWidgetExtension.entitlements */ = {isa = PBXFileReference; lastKnownFileType = text.plist.entitlements; path = PortfolioWidgetExtension.entitlements; sourceTree = "<group>"; };
		86C504F027E4CC270074EBB8 /* ProjectAssistant.app */ = {isa = PBXFileReference; explicitFileType = wrapper.application; includeInIndex = 0; path = ProjectAssistant.app; sourceTree = BUILT_PRODUCTS_DIR; };
		86C504F327E4CC270074EBB8 /* ProjectAssistantApp.swift */ = {isa = PBXFileReference; lastKnownFileType = sourcecode.swift; path = ProjectAssistantApp.swift; sourceTree = "<group>"; };
		86C504F527E4CC270074EBB8 /* ContentView.swift */ = {isa = PBXFileReference; lastKnownFileType = sourcecode.swift; path = ContentView.swift; sourceTree = "<group>"; };
		86C504F727E4CC290074EBB8 /* Assets.xcassets */ = {isa = PBXFileReference; lastKnownFileType = folder.assetcatalog; path = Assets.xcassets; sourceTree = "<group>"; };
		86C504FA27E4CC290074EBB8 /* Preview Assets.xcassets */ = {isa = PBXFileReference; lastKnownFileType = folder.assetcatalog; path = "Preview Assets.xcassets"; sourceTree = "<group>"; };
		86C5050227E4CF580074EBB8 /* Main.xcdatamodel */ = {isa = PBXFileReference; lastKnownFileType = wrapper.xcdatamodel; path = Main.xcdatamodel; sourceTree = "<group>"; };
		86C5050427E4D2D80074EBB8 /* DataController.swift */ = {isa = PBXFileReference; lastKnownFileType = sourcecode.swift; path = DataController.swift; sourceTree = "<group>"; };
		86D59C5227EDFE5200A60DDD /* My-Portfolio-Info.plist */ = {isa = PBXFileReference; fileEncoding = 4; lastKnownFileType = text.plist.xml; name = "My-Portfolio-Info.plist"; path = "../My-Portfolio-Info.plist"; sourceTree = "<group>"; };
		86D59C5827EE090600A60DDD /* ProjectAssistantTests.xctest */ = {isa = PBXFileReference; explicitFileType = wrapper.cfbundle; includeInIndex = 0; path = ProjectAssistantTests.xctest; sourceTree = BUILT_PRODUCTS_DIR; };
		86D59C5A27EE090600A60DDD /* MyPortfolioTests.swift */ = {isa = PBXFileReference; lastKnownFileType = sourcecode.swift; path = MyPortfolioTests.swift; sourceTree = "<group>"; };
		86D59C6127EE0B1F00A60DDD /* AssetTest.swift */ = {isa = PBXFileReference; lastKnownFileType = sourcecode.swift; path = AssetTest.swift; sourceTree = "<group>"; };
		86FC794027EB9AF4003E16FE /* en */ = {isa = PBXFileReference; lastKnownFileType = text.plist.strings; name = en; path = en.lproj/Localizable.strings; sourceTree = "<group>"; };
		86FC794227EB9B14003E16FE /* es */ = {isa = PBXFileReference; lastKnownFileType = text.plist.strings; name = es; path = es.lproj/Localizable.strings; sourceTree = "<group>"; };
		86FC794427EB9B2F003E16FE /* en */ = {isa = PBXFileReference; lastKnownFileType = text.plist.stringsdict; name = en; path = en.lproj/Localizable.stringsdict; sourceTree = "<group>"; };
		86FC794627EB9B31003E16FE /* es */ = {isa = PBXFileReference; lastKnownFileType = text.plist.stringsdict; name = es; path = es.lproj/Localizable.stringsdict; sourceTree = "<group>"; };
		86FC794827EB9B44003E16FE /* en */ = {isa = PBXFileReference; lastKnownFileType = text.json; name = en; path = en.lproj/Awards.json; sourceTree = "<group>"; };
		86FC794A27EB9B45003E16FE /* es */ = {isa = PBXFileReference; lastKnownFileType = text.json; name = es; path = es.lproj/Awards.json; sourceTree = "<group>"; };
		86FC794C27ECD558003E16FE /* ItemListView.swift */ = {isa = PBXFileReference; lastKnownFileType = sourcecode.swift; path = ItemListView.swift; sourceTree = "<group>"; };
		86FC794E27ECD653003E16FE /* ProjectSummaryView.swift */ = {isa = PBXFileReference; lastKnownFileType = sourcecode.swift; path = ProjectSummaryView.swift; sourceTree = "<group>"; };
/* End PBXFileReference section */

/* Begin PBXFrameworksBuildPhase section */
		86784F1727EE816A005EC3A6 /* Frameworks */ = {
			isa = PBXFrameworksBuildPhase;
			buildActionMask = 2147483647;
			files = (
			);
			runOnlyForDeploymentPostprocessing = 0;
		};
		86B8A8E927FA7B5500639A14 /* Frameworks */ = {
			isa = PBXFrameworksBuildPhase;
			buildActionMask = 2147483647;
			files = (
				86B8A8F027FA7B5500639A14 /* SwiftUI.framework in Frameworks */,
				86B8A8EE27FA7B5500639A14 /* WidgetKit.framework in Frameworks */,
			);
			runOnlyForDeploymentPostprocessing = 0;
		};
		86C504ED27E4CC270074EBB8 /* Frameworks */ = {
			isa = PBXFrameworksBuildPhase;
			buildActionMask = 2147483647;
			files = (
				861DE21127E4DD5C002B1171 /* CloudKit.framework in Frameworks */,
			);
			runOnlyForDeploymentPostprocessing = 0;
		};
		86D59C5527EE090600A60DDD /* Frameworks */ = {
			isa = PBXFrameworksBuildPhase;
			buildActionMask = 2147483647;
			files = (
			);
			runOnlyForDeploymentPostprocessing = 0;
		};
/* End PBXFrameworksBuildPhase section */

/* Begin PBXGroup section */
		861DE20F27E4DD5C002B1171 /* Frameworks */ = {
			isa = PBXGroup;
			children = (
				861DE21027E4DD5C002B1171 /* CloudKit.framework */,
				86B8A8ED27FA7B5500639A14 /* WidgetKit.framework */,
				86B8A8EF27FA7B5500639A14 /* SwiftUI.framework */,
			);
			name = Frameworks;
			sourceTree = "<group>";
		};
		8651719A27E8D876003C6DDC /* Helpers */ = {
			isa = PBXGroup;
			children = (
				861DE21E27E5052B002B1171 /* Item+CoreData.swift */,
				861DE22027E5075C002B1171 /* Project+CoreData.swift */,
				8601040F27F9F127007F8F32 /* PurchaseButton.swift */,
				8601041127F9F382007F8F32 /* ProductView.swift */,
				8601041327F9F42C007F8F32 /* UnlockView.swift */,
			);
			path = Helpers;
			sourceTree = "<group>";
		};
		8651719B27E8D883003C6DDC /* Extensions */ = {
			isa = PBXGroup;
			children = (
				8651719827E8D81E003C6DDC /* Binding+Ext.swift */,
				860EBEA527EA0E9C00BD95E7 /* Bundle+Ext.swift */,
				865171A227E9139D003C6DDC /* Sequence+Ext.swift */,
				860EBEAD27EA2D3A00BD95E7 /* Color+Ext.swift */,
				8601040D27F9F0F3007F8F32 /* SKProduct+Ext.swift */,
			);
			path = Extensions;
			sourceTree = "<group>";
		};
		86784F1127EE71DF005EC3A6 /* Fixtures */ = {
			isa = PBXGroup;
			children = (
				86784F1227EE7222005EC3A6 /* DecodableDictionary.json */,
				86784F1327EE7257005EC3A6 /* DecodableString.json */,
			);
			path = Fixtures;
			sourceTree = "<group>";
		};
		86784F1B27EE816B005EC3A6 /* ProjectAssistantUITests */ = {
			isa = PBXGroup;
			children = (
				86784F1C27EE816B005EC3A6 /* MyPortfolioUITests.swift */,
				86784F1E27EE816B005EC3A6 /* MyPortfolioUITestsLaunchTests.swift */,
			);
			path = ProjectAssistantUITests;
			sourceTree = "<group>";
		};
		868E96D427EF638300B540BA /* ProjectsView */ = {
			isa = PBXGroup;
			children = (
				861DE21427E4F5DF002B1171 /* ProjectsView.swift */,
				868E96D227EEBB2400B540BA /* ProjectsViewModel.swift */,
				8603777E27FE6C2E00D30758 /* SharedProjectsView.swift */,
				8603778227FE6EFD00D30758 /* SharedItemsView.swift */,
			);
			path = ProjectsView;
			sourceTree = "<group>";
		};
		868E96D727EF639900B540BA /* HomeView */ = {
			isa = PBXGroup;
			children = (
				861DE21227E4F517002B1171 /* HomeView.swift */,
				868E96D527EF639400B540BA /* HomeViewModel.swift */,
			);
			path = HomeView;
			sourceTree = "<group>";
		};
		868E96D827EF6F2C00B540BA /* ItemRowView */ = {
			isa = PBXGroup;
			children = (
				8651719627E8D33D003C6DDC /* ItemRowView.swift */,
				868E96D927EF6F3D00B540BA /* ItemRowViewModel.swift */,
			);
			path = ItemRowView;
			sourceTree = "<group>";
		};
		86B8A8F127FA7B5500639A14 /* ProjectAssistantWidget */ = {
			isa = PBXGroup;
			children = (
				86B8A8F227FA7B5500639A14 /* PortfolioWidgets.swift */,
				868F64C727FBDCBD00BF71BB /* DataProvider.swift */,
				868F64CA27FBDD1700BF71BB /* SimpleWidget.swift */,
				868F64CD27FBDD2900BF71BB /* ComplexWidget.swift */,
				86B8A8F427FA7B5700639A14 /* Assets.xcassets */,
				86B8A8F627FA7B5700639A14 /* Info.plist */,
			);
			path = ProjectAssistantWidget;
			sourceTree = "<group>";
		};
		86C504E727E4CC270074EBB8 = {
			isa = PBXGroup;
			children = (
				86B8A90A27FA815300639A14 /* PortfolioWidgetExtension.entitlements */,
				86C504F227E4CC270074EBB8 /* ProjectAssistant */,
				86D59C5927EE090600A60DDD /* ProjectAssistantTests */,
				86784F1B27EE816B005EC3A6 /* ProjectAssistantUITests */,
				86B8A8F127FA7B5500639A14 /* ProjectAssistantWidget */,
				86C504F127E4CC270074EBB8 /* Products */,
				861DE20F27E4DD5C002B1171 /* Frameworks */,
			);
			sourceTree = "<group>";
		};
		86C504F127E4CC270074EBB8 /* Products */ = {
			isa = PBXGroup;
			children = (
				86C504F027E4CC270074EBB8 /* ProjectAssistant.app */,
				86D59C5827EE090600A60DDD /* ProjectAssistantTests.xctest */,
				86784F1A27EE816A005EC3A6 /* ProjectAssistantUITests.xctest */,
				86B8A8EC27FA7B5500639A14 /* ProjectAssistantWidgetExtension.appex */,
			);
			name = Products;
			sourceTree = "<group>";
		};
		86C504F227E4CC270074EBB8 /* ProjectAssistant */ = {
			isa = PBXGroup;
			children = (
				86D59C4C27EDFB7F00A60DDD /* Activities */,
				8651719B27E8D883003C6DDC /* Extensions */,
				8651719A27E8D876003C6DDC /* Helpers */,
				86FC794B27ECD16B003E16FE /* Localization */,
				86C504F927E4CC290074EBB8 /* Preview Content */,
				86D59C5027EDFD3300A60DDD /* Controllers */,
				86D59C5127EDFD4600A60DDD /* Configuration */,
				86C504F727E4CC290074EBB8 /* Assets.xcassets */,
				8651719E27E8E5E2003C6DDC /* Colors.xcassets */,
				86C504F527E4CC270074EBB8 /* ContentView.swift */,
				86C504F327E4CC270074EBB8 /* ProjectAssistantApp.swift */,
				8601041527FA4DF9007F8F32 /* AppDelegate.swift */,
				8601041727FA4E0A007F8F32 /* SceneDelegate.swift */,
				8603777A27FE6BDA00D30758 /* SharedProject.swift */,
				8603777C27FE6BF100D30758 /* SharedItem.swift */,
				8603778027FE6C3D00D30758 /* LoadState.swift */,
			);
			path = ProjectAssistant;
			sourceTree = "<group>";
		};
		86C504F927E4CC290074EBB8 /* Preview Content */ = {
			isa = PBXGroup;
			children = (
				86C504FA27E4CC290074EBB8 /* Preview Assets.xcassets */,
			);
			path = "Preview Content";
			sourceTree = "<group>";
		};
		86D59C4C27EDFB7F00A60DDD /* Activities */ = {
			isa = PBXGroup;
			children = (
				86D59C4D27EDFB9700A60DDD /* Home */,
				86D59C4E27EDFB9C00A60DDD /* Projects */,
				86D59C4F27EDFBA500A60DDD /* Awards */,
				8603778427FE741100D30758 /* SignInView.swift */,
			);
			path = Activities;
			sourceTree = "<group>";
		};
		86D59C4D27EDFB9700A60DDD /* Home */ = {
			isa = PBXGroup;
			children = (
				868E96D727EF639900B540BA /* HomeView */,
				86FC794C27ECD558003E16FE /* ItemListView.swift */,
				86FC794E27ECD653003E16FE /* ProjectSummaryView.swift */,
			);
			path = Home;
			sourceTree = "<group>";
		};
		86D59C4E27EDFB9C00A60DDD /* Projects */ = {
			isa = PBXGroup;
			children = (
				8651719427E8D2B4003C6DDC /* EditItemView.swift */,
				865171A027E8EA0D003C6DDC /* EditProjectView.swift */,
				868E96D827EF6F2C00B540BA /* ItemRowView */,
				8651719C27E8DFF9003C6DDC /* ProjectHeaderView.swift */,
				868E96D427EF638300B540BA /* ProjectsView */,
				860EBEAB27EA292D00BD95E7 /* SelectSomethingView.swift */,
			);
			path = Projects;
			sourceTree = "<group>";
		};
		86D59C4F27EDFBA500A60DDD /* Awards */ = {
			isa = PBXGroup;
			children = (
				860EBEA927EA191B00BD95E7 /* AwardsView.swift */,
				860EBEA727EA183B00BD95E7 /* Award.swift */,
				86FC794927EB9B44003E16FE /* Awards.json */,
			);
			path = Awards;
			sourceTree = "<group>";
		};
		86D59C5027EDFD3300A60DDD /* Controllers */ = {
			isa = PBXGroup;
			children = (
				86C5050427E4D2D80074EBB8 /* DataController.swift */,
				86B8A90827FA7EFD00639A14 /* DataController+Ext.swift */,
				8601040927F9E304007F8F32 /* UnlockManager.swift */,
				8601040C27F9E536007F8F32 /* Configuration.storekit */,
			);
			path = Controllers;
			sourceTree = "<group>";
		};
		86D59C5127EDFD4600A60DDD /* Configuration */ = {
			isa = PBXGroup;
			children = (
				86D59C5227EDFE5200A60DDD /* My-Portfolio-Info.plist */,
				861DE20D27E4DD25002B1171 /* My Portfolio.entitlements */,
				86C5050127E4CF580074EBB8 /* Main.xcdatamodeld */,
			);
			path = Configuration;
			sourceTree = "<group>";
		};
		86D59C5927EE090600A60DDD /* ProjectAssistantTests */ = {
			isa = PBXGroup;
			children = (
				86784F1127EE71DF005EC3A6 /* Fixtures */,
				86D59C6127EE0B1F00A60DDD /* AssetTest.swift */,
				86784F0B27EE59F6005EC3A6 /* AwardTests.swift */,
				86784F0D27EE63A6005EC3A6 /* DevelopmentTests.swift */,
				86784F0F27EE6DBC005EC3A6 /* ExtensionTests.swift */,
				86D59C5A27EE090600A60DDD /* MyPortfolioTests.swift */,
				86784F1427EE7A83005EC3A6 /* PerformanceTests.swift */,
				86784F0927EE53A8005EC3A6 /* ProjectTests.swift */,
			);
			path = ProjectAssistantTests;
			sourceTree = "<group>";
		};
		86FC794B27ECD16B003E16FE /* Localization */ = {
			isa = PBXGroup;
			children = (
				86FC794127EB9AF4003E16FE /* Localizable.strings */,
				86FC794527EB9B2F003E16FE /* Localizable.stringsdict */,
			);
			path = Localization;
			sourceTree = "<group>";
		};
/* End PBXGroup section */

/* Begin PBXNativeTarget section */
		86784F1927EE816A005EC3A6 /* ProjectAssistantUITests */ = {
			isa = PBXNativeTarget;
			buildConfigurationList = 86784F2227EE816B005EC3A6 /* Build configuration list for PBXNativeTarget "ProjectAssistantUITests" */;
			buildPhases = (
				86784F1627EE816A005EC3A6 /* Sources */,
				86784F1727EE816A005EC3A6 /* Frameworks */,
				86784F1827EE816A005EC3A6 /* Resources */,
			);
			buildRules = (
			);
			dependencies = (
				86784F2127EE816B005EC3A6 /* PBXTargetDependency */,
			);
			name = ProjectAssistantUITests;
			productName = "My PortfolioUITests";
			productReference = 86784F1A27EE816A005EC3A6 /* ProjectAssistantUITests.xctest */;
			productType = "com.apple.product-type.bundle.ui-testing";
		};
		86B8A8EB27FA7B5500639A14 /* ProjectAssistantWidgetExtension */ = {
			isa = PBXNativeTarget;
			buildConfigurationList = 86B8A8FD27FA7B5700639A14 /* Build configuration list for PBXNativeTarget "ProjectAssistantWidgetExtension" */;
			buildPhases = (
				86B8A8E827FA7B5500639A14 /* Sources */,
				86B8A8E927FA7B5500639A14 /* Frameworks */,
				86B8A8EA27FA7B5500639A14 /* Resources */,
			);
			buildRules = (
			);
			dependencies = (
			);
			name = ProjectAssistantWidgetExtension;
			productName = PortfolioWidgetExtension;
			productReference = 86B8A8EC27FA7B5500639A14 /* ProjectAssistantWidgetExtension.appex */;
			productType = "com.apple.product-type.app-extension";
		};
		86C504EF27E4CC270074EBB8 /* ProjectAssistant */ = {
			isa = PBXNativeTarget;
			buildConfigurationList = 86C504FE27E4CC290074EBB8 /* Build configuration list for PBXNativeTarget "ProjectAssistant" */;
			buildPhases = (
				86FC795027ED2553003E16FE /* Swift Lint */,
				86C504EC27E4CC270074EBB8 /* Sources */,
				86C504ED27E4CC270074EBB8 /* Frameworks */,
				86C504EE27E4CC270074EBB8 /* Resources */,
				86B8A8FA27FA7B5700639A14 /* Embed App Extensions */,
			);
			buildRules = (
			);
			dependencies = (
				86B8A8F827FA7B5700639A14 /* PBXTargetDependency */,
			);
			name = ProjectAssistant;
			productName = "My Portfolio";
			productReference = 86C504F027E4CC270074EBB8 /* ProjectAssistant.app */;
			productType = "com.apple.product-type.application";
		};
		86D59C5727EE090600A60DDD /* ProjectAssistantTests */ = {
			isa = PBXNativeTarget;
			buildConfigurationList = 86D59C5E27EE090700A60DDD /* Build configuration list for PBXNativeTarget "ProjectAssistantTests" */;
			buildPhases = (
				86D59C5427EE090600A60DDD /* Sources */,
				86D59C5527EE090600A60DDD /* Frameworks */,
				86D59C5627EE090600A60DDD /* Resources */,
			);
			buildRules = (
			);
			dependencies = (
				86D59C5D27EE090700A60DDD /* PBXTargetDependency */,
			);
			name = ProjectAssistantTests;
			productName = "My PortfolioTests";
			productReference = 86D59C5827EE090600A60DDD /* ProjectAssistantTests.xctest */;
			productType = "com.apple.product-type.bundle.unit-test";
		};
/* End PBXNativeTarget section */

/* Begin PBXProject section */
		86C504E827E4CC270074EBB8 /* Project object */ = {
			isa = PBXProject;
			attributes = {
				BuildIndependentTargetsInParallel = 1;
				LastSwiftUpdateCheck = 1330;
				LastUpgradeCheck = 1330;
				TargetAttributes = {
					86784F1927EE816A005EC3A6 = {
						CreatedOnToolsVersion = 13.3;
						TestTargetID = 86C504EF27E4CC270074EBB8;
					};
					86B8A8EB27FA7B5500639A14 = {
						CreatedOnToolsVersion = 13.3;
					};
					86C504EF27E4CC270074EBB8 = {
						CreatedOnToolsVersion = 13.3;
					};
					86D59C5727EE090600A60DDD = {
						CreatedOnToolsVersion = 13.3;
						TestTargetID = 86C504EF27E4CC270074EBB8;
					};
				};
			};
			buildConfigurationList = 86C504EB27E4CC270074EBB8 /* Build configuration list for PBXProject "ProjectAssistant" */;
			compatibilityVersion = "Xcode 13.0";
			developmentRegion = en;
			hasScannedForEncodings = 0;
			knownRegions = (
				en,
				Base,
				es,
			);
			mainGroup = 86C504E727E4CC270074EBB8;
			productRefGroup = 86C504F127E4CC270074EBB8 /* Products */;
			projectDirPath = "";
			projectRoot = "";
			targets = (
				86C504EF27E4CC270074EBB8 /* ProjectAssistant */,
				86D59C5727EE090600A60DDD /* ProjectAssistantTests */,
				86784F1927EE816A005EC3A6 /* ProjectAssistantUITests */,
				86B8A8EB27FA7B5500639A14 /* ProjectAssistantWidgetExtension */,
			);
		};
/* End PBXProject section */

/* Begin PBXResourcesBuildPhase section */
		86784F1827EE816A005EC3A6 /* Resources */ = {
			isa = PBXResourcesBuildPhase;
			buildActionMask = 2147483647;
			files = (
			);
			runOnlyForDeploymentPostprocessing = 0;
		};
		86B8A8EA27FA7B5500639A14 /* Resources */ = {
			isa = PBXResourcesBuildPhase;
			buildActionMask = 2147483647;
			files = (
				868F64C427FBD4AB00BF71BB /* Colors.xcassets in Resources */,
				86B8A8F527FA7B5700639A14 /* Assets.xcassets in Resources */,
				86B8A90B27FA881800639A14 /* Localizable.strings in Resources */,
			);
			runOnlyForDeploymentPostprocessing = 0;
		};
		86C504EE27E4CC270074EBB8 /* Resources */ = {
			isa = PBXResourcesBuildPhase;
			buildActionMask = 2147483647;
			files = (
				86FC793F27EB9AF4003E16FE /* Localizable.strings in Resources */,
				8651719F27E8E5E2003C6DDC /* Colors.xcassets in Resources */,
				86FC794727EB9B44003E16FE /* Awards.json in Resources */,
				86C504FB27E4CC290074EBB8 /* Preview Assets.xcassets in Resources */,
				86C504F827E4CC290074EBB8 /* Assets.xcassets in Resources */,
				86FC794327EB9B2F003E16FE /* Localizable.stringsdict in Resources */,
				86D59C5327EDFE5200A60DDD /* My-Portfolio-Info.plist in Resources */,
			);
			runOnlyForDeploymentPostprocessing = 0;
		};
		86D59C5627EE090600A60DDD /* Resources */ = {
			isa = PBXResourcesBuildPhase;
			buildActionMask = 2147483647;
			files = (
			);
			runOnlyForDeploymentPostprocessing = 0;
		};
/* End PBXResourcesBuildPhase section */

/* Begin PBXShellScriptBuildPhase section */
		86FC795027ED2553003E16FE /* Swift Lint */ = {
			isa = PBXShellScriptBuildPhase;
			buildActionMask = 2147483647;
			files = (
			);
			inputFileListPaths = (
			);
			inputPaths = (
			);
			name = "Swift Lint";
			outputFileListPaths = (
			);
			outputPaths = (
			);
			runOnlyForDeploymentPostprocessing = 0;
			shellPath = /bin/sh;
			shellScript = "# Type a script or drag a script file from your workspace to insert its path.\nif which swiftlint >/dev/null; then\n  swiftlint\nelse\n  echo \"warning: SwiftLint not installed, download from https://github.com/realm/SwiftLint\"\nfi\n";
		};
/* End PBXShellScriptBuildPhase section */

/* Begin PBXSourcesBuildPhase section */
		86784F1627EE816A005EC3A6 /* Sources */ = {
			isa = PBXSourcesBuildPhase;
			buildActionMask = 2147483647;
			files = (
				86784F1D27EE816B005EC3A6 /* MyPortfolioUITests.swift in Sources */,
				86784F1F27EE816B005EC3A6 /* MyPortfolioUITestsLaunchTests.swift in Sources */,
			);
			runOnlyForDeploymentPostprocessing = 0;
		};
		86B8A8E827FA7B5500639A14 /* Sources */ = {
			isa = PBXSourcesBuildPhase;
			buildActionMask = 2147483647;
			files = (
				86B8A8FE27FA7C3200639A14 /* Main.xcdatamodeld in Sources */,
				86B8A90027FA7C5500639A14 /* DataController.swift in Sources */,
				868F64C527FBD4BB00BF71BB /* Project+CoreData.swift in Sources */,
				868F64CC27FBDD1A00BF71BB /* SimpleWidget.swift in Sources */,
				868F64CF27FBDD2E00BF71BB /* ComplexWidget.swift in Sources */,
				868F64C927FBDCCD00BF71BB /* DataProvider.swift in Sources */,
				86B8A8FF27FA7C4500639A14 /* Item+CoreData.swift in Sources */,
				868F64C627FBD4CA00BF71BB /* Sequence+Ext.swift in Sources */,
				86B8A8F327FA7B5500639A14 /* PortfolioWidgets.swift in Sources */,
			);
			runOnlyForDeploymentPostprocessing = 0;
		};
		86C504EC27E4CC270074EBB8 /* Sources */ = {
			isa = PBXSourcesBuildPhase;
			buildActionMask = 2147483647;
			files = (
				861DE21527E4F5DF002B1171 /* ProjectsView.swift in Sources */,
				86FC794F27ECD653003E16FE /* ProjectSummaryView.swift in Sources */,
				8601041827FA4E0A007F8F32 /* SceneDelegate.swift in Sources */,
				8603778327FE6EFD00D30758 /* SharedItemsView.swift in Sources */,
				8601041027F9F127007F8F32 /* PurchaseButton.swift in Sources */,
				8651719D27E8DFF9003C6DDC /* ProjectHeaderView.swift in Sources */,
				8601041227F9F382007F8F32 /* ProductView.swift in Sources */,
				860EBEA627EA0E9C00BD95E7 /* Bundle+Ext.swift in Sources */,
				860EBEAC27EA292D00BD95E7 /* SelectSomethingView.swift in Sources */,
				868E96D627EF639400B540BA /* HomeViewModel.swift in Sources */,
				8603778527FE741100D30758 /* SignInView.swift in Sources */,
				8601040A27F9E304007F8F32 /* UnlockManager.swift in Sources */,
				86C5050327E4CF580074EBB8 /* Main.xcdatamodeld in Sources */,
				861DE22127E5075C002B1171 /* Project+CoreData.swift in Sources */,
				8603777B27FE6BDA00D30758 /* SharedProject.swift in Sources */,
				865171A327E9139D003C6DDC /* Sequence+Ext.swift in Sources */,
				86B8A90927FA7EFD00639A14 /* DataController+Ext.swift in Sources */,
				8603778127FE6C3D00D30758 /* LoadState.swift in Sources */,
				860EBEAA27EA191B00BD95E7 /* AwardsView.swift in Sources */,
				865171A127E8EA0D003C6DDC /* EditProjectView.swift in Sources */,
				8603777D27FE6BF100D30758 /* SharedItem.swift in Sources */,
				86C5050527E4D2D80074EBB8 /* DataController.swift in Sources */,
				8651719727E8D33D003C6DDC /* ItemRowView.swift in Sources */,
				8601041427F9F42C007F8F32 /* UnlockView.swift in Sources */,
				86C504F627E4CC270074EBB8 /* ContentView.swift in Sources */,
				8601041627FA4DF9007F8F32 /* AppDelegate.swift in Sources */,
				861DE21327E4F517002B1171 /* HomeView.swift in Sources */,
				860EBEA827EA183B00BD95E7 /* Award.swift in Sources */,
				86C504F427E4CC270074EBB8 /* ProjectAssistantApp.swift in Sources */,
				86FC794D27ECD558003E16FE /* ItemListView.swift in Sources */,
				861DE21F27E5052B002B1171 /* Item+CoreData.swift in Sources */,
				8651719527E8D2B4003C6DDC /* EditItemView.swift in Sources */,
				868E96DA27EF6F3D00B540BA /* ItemRowViewModel.swift in Sources */,
				8603777F27FE6C2E00D30758 /* SharedProjectsView.swift in Sources */,
				860EBEAE27EA2D3A00BD95E7 /* Color+Ext.swift in Sources */,
				868E96D327EEBB2400B540BA /* ProjectsViewModel.swift in Sources */,
				8651719927E8D81E003C6DDC /* Binding+Ext.swift in Sources */,
				8601040E27F9F0F3007F8F32 /* SKProduct+Ext.swift in Sources */,
			);
			runOnlyForDeploymentPostprocessing = 0;
		};
		86D59C5427EE090600A60DDD /* Sources */ = {
			isa = PBXSourcesBuildPhase;
			buildActionMask = 2147483647;
			files = (
				86784F1527EE7A83005EC3A6 /* PerformanceTests.swift in Sources */,
				86D59C6227EE0B1F00A60DDD /* AssetTest.swift in Sources */,
				86784F0C27EE59F6005EC3A6 /* AwardTests.swift in Sources */,
				86D59C5B27EE090600A60DDD /* MyPortfolioTests.swift in Sources */,
				86784F1027EE6DBC005EC3A6 /* ExtensionTests.swift in Sources */,
				86784F0A27EE53A8005EC3A6 /* ProjectTests.swift in Sources */,
				86784F0E27EE63A6005EC3A6 /* DevelopmentTests.swift in Sources */,
			);
			runOnlyForDeploymentPostprocessing = 0;
		};
/* End PBXSourcesBuildPhase section */

/* Begin PBXTargetDependency section */
		86784F2127EE816B005EC3A6 /* PBXTargetDependency */ = {
			isa = PBXTargetDependency;
			target = 86C504EF27E4CC270074EBB8 /* ProjectAssistant */;
			targetProxy = 86784F2027EE816B005EC3A6 /* PBXContainerItemProxy */;
		};
		86B8A8F827FA7B5700639A14 /* PBXTargetDependency */ = {
			isa = PBXTargetDependency;
			target = 86B8A8EB27FA7B5500639A14 /* ProjectAssistantWidgetExtension */;
			targetProxy = 86B8A8F727FA7B5700639A14 /* PBXContainerItemProxy */;
		};
		86D59C5D27EE090700A60DDD /* PBXTargetDependency */ = {
			isa = PBXTargetDependency;
			target = 86C504EF27E4CC270074EBB8 /* ProjectAssistant */;
			targetProxy = 86D59C5C27EE090700A60DDD /* PBXContainerItemProxy */;
		};
/* End PBXTargetDependency section */

/* Begin PBXVariantGroup section */
		86FC794127EB9AF4003E16FE /* Localizable.strings */ = {
			isa = PBXVariantGroup;
			children = (
				86FC794027EB9AF4003E16FE /* en */,
				86FC794227EB9B14003E16FE /* es */,
			);
			name = Localizable.strings;
			sourceTree = "<group>";
		};
		86FC794527EB9B2F003E16FE /* Localizable.stringsdict */ = {
			isa = PBXVariantGroup;
			children = (
				86FC794427EB9B2F003E16FE /* en */,
				86FC794627EB9B31003E16FE /* es */,
			);
			name = Localizable.stringsdict;
			sourceTree = "<group>";
		};
		86FC794927EB9B44003E16FE /* Awards.json */ = {
			isa = PBXVariantGroup;
			children = (
				86FC794827EB9B44003E16FE /* en */,
				86FC794A27EB9B45003E16FE /* es */,
			);
			name = Awards.json;
			sourceTree = "<group>";
		};
/* End PBXVariantGroup section */

/* Begin XCBuildConfiguration section */
		86784F2327EE816B005EC3A6 /* Debug */ = {
			isa = XCBuildConfiguration;
			buildSettings = {
				CODE_SIGN_STYLE = Automatic;
				CURRENT_PROJECT_VERSION = 1;
				DEVELOPMENT_TEAM = D27X6VQP35;
				GENERATE_INFOPLIST_FILE = YES;
				MARKETING_VERSION = 1.0;
				PRODUCT_BUNDLE_IDENTIFIER = "co.jdocampom.My-PortfolioUITests";
				PRODUCT_NAME = "$(TARGET_NAME)";
				SWIFT_EMIT_LOC_STRINGS = NO;
				SWIFT_VERSION = 5.0;
				TARGETED_DEVICE_FAMILY = "1,2";
				TEST_TARGET_NAME = "My Portfolio";
			};
			name = Debug;
		};
		86784F2427EE816B005EC3A6 /* Release */ = {
			isa = XCBuildConfiguration;
			buildSettings = {
				CODE_SIGN_STYLE = Automatic;
				CURRENT_PROJECT_VERSION = 1;
				DEVELOPMENT_TEAM = D27X6VQP35;
				GENERATE_INFOPLIST_FILE = YES;
				MARKETING_VERSION = 1.0;
				PRODUCT_BUNDLE_IDENTIFIER = "co.jdocampom.My-PortfolioUITests";
				PRODUCT_NAME = "$(TARGET_NAME)";
				SWIFT_EMIT_LOC_STRINGS = NO;
				SWIFT_VERSION = 5.0;
				TARGETED_DEVICE_FAMILY = "1,2";
				TEST_TARGET_NAME = "My Portfolio";
			};
			name = Release;
		};
		86B8A8FB27FA7B5700639A14 /* Debug */ = {
			isa = XCBuildConfiguration;
			buildSettings = {
				ASSETCATALOG_COMPILER_GLOBAL_ACCENT_COLOR_NAME = AccentColor;
				ASSETCATALOG_COMPILER_WIDGET_BACKGROUND_COLOR_NAME = WidgetBackground;
				CODE_SIGN_ENTITLEMENTS = PortfolioWidgetExtension.entitlements;
				CODE_SIGN_STYLE = Automatic;
				CURRENT_PROJECT_VERSION = 1;
				DEVELOPMENT_TEAM = D27X6VQP35;
				GENERATE_INFOPLIST_FILE = YES;
				INFOPLIST_FILE = ProjectAssistantWidget/Info.plist;
				INFOPLIST_KEY_CFBundleDisplayName = PortfolioWidget;
				INFOPLIST_KEY_NSHumanReadableCopyright = "";
				LD_RUNPATH_SEARCH_PATHS = (
					"$(inherited)",
					"@executable_path/Frameworks",
					"@executable_path/../../Frameworks",
				);
				MARKETING_VERSION = 1.0;
				PRODUCT_BUNDLE_IDENTIFIER = co.jdocampom.ProjectAssistant.PortfolioWidget;
				PRODUCT_NAME = "$(TARGET_NAME)";
				SKIP_INSTALL = YES;
				SWIFT_EMIT_LOC_STRINGS = YES;
				SWIFT_VERSION = 5.0;
				TARGETED_DEVICE_FAMILY = "1,2";
			};
			name = Debug;
		};
		86B8A8FC27FA7B5700639A14 /* Release */ = {
			isa = XCBuildConfiguration;
			buildSettings = {
				ASSETCATALOG_COMPILER_GLOBAL_ACCENT_COLOR_NAME = AccentColor;
				ASSETCATALOG_COMPILER_WIDGET_BACKGROUND_COLOR_NAME = WidgetBackground;
				CODE_SIGN_ENTITLEMENTS = PortfolioWidgetExtension.entitlements;
				CODE_SIGN_STYLE = Automatic;
				CURRENT_PROJECT_VERSION = 1;
				DEVELOPMENT_TEAM = D27X6VQP35;
				GENERATE_INFOPLIST_FILE = YES;
				INFOPLIST_FILE = ProjectAssistantWidget/Info.plist;
				INFOPLIST_KEY_CFBundleDisplayName = PortfolioWidget;
				INFOPLIST_KEY_NSHumanReadableCopyright = "";
				LD_RUNPATH_SEARCH_PATHS = (
					"$(inherited)",
					"@executable_path/Frameworks",
					"@executable_path/../../Frameworks",
				);
				MARKETING_VERSION = 1.0;
				PRODUCT_BUNDLE_IDENTIFIER = co.jdocampom.ProjectAssistant.PortfolioWidget;
				PRODUCT_NAME = "$(TARGET_NAME)";
				SKIP_INSTALL = YES;
				SWIFT_EMIT_LOC_STRINGS = YES;
				SWIFT_VERSION = 5.0;
				TARGETED_DEVICE_FAMILY = "1,2";
			};
			name = Release;
		};
		86C504FC27E4CC290074EBB8 /* Debug */ = {
			isa = XCBuildConfiguration;
			buildSettings = {
				ALWAYS_SEARCH_USER_PATHS = NO;
				CLANG_ANALYZER_NONNULL = YES;
				CLANG_ANALYZER_NUMBER_OBJECT_CONVERSION = YES_AGGRESSIVE;
				CLANG_CXX_LANGUAGE_STANDARD = "gnu++17";
				CLANG_ENABLE_MODULES = YES;
				CLANG_ENABLE_OBJC_ARC = YES;
				CLANG_ENABLE_OBJC_WEAK = YES;
				CLANG_WARN_BLOCK_CAPTURE_AUTORELEASING = YES;
				CLANG_WARN_BOOL_CONVERSION = YES;
				CLANG_WARN_COMMA = YES;
				CLANG_WARN_CONSTANT_CONVERSION = YES;
				CLANG_WARN_DEPRECATED_OBJC_IMPLEMENTATIONS = YES;
				CLANG_WARN_DIRECT_OBJC_ISA_USAGE = YES_ERROR;
				CLANG_WARN_DOCUMENTATION_COMMENTS = YES;
				CLANG_WARN_EMPTY_BODY = YES;
				CLANG_WARN_ENUM_CONVERSION = YES;
				CLANG_WARN_INFINITE_RECURSION = YES;
				CLANG_WARN_INT_CONVERSION = YES;
				CLANG_WARN_NON_LITERAL_NULL_CONVERSION = YES;
				CLANG_WARN_OBJC_IMPLICIT_RETAIN_SELF = YES;
				CLANG_WARN_OBJC_LITERAL_CONVERSION = YES;
				CLANG_WARN_OBJC_ROOT_CLASS = YES_ERROR;
				CLANG_WARN_QUOTED_INCLUDE_IN_FRAMEWORK_HEADER = YES;
				CLANG_WARN_RANGE_LOOP_ANALYSIS = YES;
				CLANG_WARN_STRICT_PROTOTYPES = YES;
				CLANG_WARN_SUSPICIOUS_MOVE = YES;
				CLANG_WARN_UNGUARDED_AVAILABILITY = YES_AGGRESSIVE;
				CLANG_WARN_UNREACHABLE_CODE = YES;
				CLANG_WARN__DUPLICATE_METHOD_MATCH = YES;
				COPY_PHASE_STRIP = NO;
				DEBUG_INFORMATION_FORMAT = dwarf;
				ENABLE_STRICT_OBJC_MSGSEND = YES;
				ENABLE_TESTABILITY = YES;
				GCC_C_LANGUAGE_STANDARD = gnu11;
				GCC_DYNAMIC_NO_PIC = NO;
				GCC_NO_COMMON_BLOCKS = YES;
				GCC_OPTIMIZATION_LEVEL = 0;
				GCC_PREPROCESSOR_DEFINITIONS = (
					"DEBUG=1",
					"$(inherited)",
				);
				GCC_WARN_64_TO_32_BIT_CONVERSION = YES;
				GCC_WARN_ABOUT_RETURN_TYPE = YES_ERROR;
				GCC_WARN_UNDECLARED_SELECTOR = YES;
				GCC_WARN_UNINITIALIZED_AUTOS = YES_AGGRESSIVE;
				GCC_WARN_UNUSED_FUNCTION = YES;
				GCC_WARN_UNUSED_VARIABLE = YES;
				IPHONEOS_DEPLOYMENT_TARGET = 15.4;
				MTL_ENABLE_DEBUG_INFO = INCLUDE_SOURCE;
				MTL_FAST_MATH = YES;
				ONLY_ACTIVE_ARCH = YES;
				SDKROOT = iphoneos;
				SWIFT_ACTIVE_COMPILATION_CONDITIONS = DEBUG;
				SWIFT_OPTIMIZATION_LEVEL = "-Onone";
			};
			name = Debug;
		};
		86C504FD27E4CC290074EBB8 /* Release */ = {
			isa = XCBuildConfiguration;
			buildSettings = {
				ALWAYS_SEARCH_USER_PATHS = NO;
				CLANG_ANALYZER_NONNULL = YES;
				CLANG_ANALYZER_NUMBER_OBJECT_CONVERSION = YES_AGGRESSIVE;
				CLANG_CXX_LANGUAGE_STANDARD = "gnu++17";
				CLANG_ENABLE_MODULES = YES;
				CLANG_ENABLE_OBJC_ARC = YES;
				CLANG_ENABLE_OBJC_WEAK = YES;
				CLANG_WARN_BLOCK_CAPTURE_AUTORELEASING = YES;
				CLANG_WARN_BOOL_CONVERSION = YES;
				CLANG_WARN_COMMA = YES;
				CLANG_WARN_CONSTANT_CONVERSION = YES;
				CLANG_WARN_DEPRECATED_OBJC_IMPLEMENTATIONS = YES;
				CLANG_WARN_DIRECT_OBJC_ISA_USAGE = YES_ERROR;
				CLANG_WARN_DOCUMENTATION_COMMENTS = YES;
				CLANG_WARN_EMPTY_BODY = YES;
				CLANG_WARN_ENUM_CONVERSION = YES;
				CLANG_WARN_INFINITE_RECURSION = YES;
				CLANG_WARN_INT_CONVERSION = YES;
				CLANG_WARN_NON_LITERAL_NULL_CONVERSION = YES;
				CLANG_WARN_OBJC_IMPLICIT_RETAIN_SELF = YES;
				CLANG_WARN_OBJC_LITERAL_CONVERSION = YES;
				CLANG_WARN_OBJC_ROOT_CLASS = YES_ERROR;
				CLANG_WARN_QUOTED_INCLUDE_IN_FRAMEWORK_HEADER = YES;
				CLANG_WARN_RANGE_LOOP_ANALYSIS = YES;
				CLANG_WARN_STRICT_PROTOTYPES = YES;
				CLANG_WARN_SUSPICIOUS_MOVE = YES;
				CLANG_WARN_UNGUARDED_AVAILABILITY = YES_AGGRESSIVE;
				CLANG_WARN_UNREACHABLE_CODE = YES;
				CLANG_WARN__DUPLICATE_METHOD_MATCH = YES;
				COPY_PHASE_STRIP = NO;
				DEBUG_INFORMATION_FORMAT = "dwarf-with-dsym";
				ENABLE_NS_ASSERTIONS = NO;
				ENABLE_STRICT_OBJC_MSGSEND = YES;
				GCC_C_LANGUAGE_STANDARD = gnu11;
				GCC_NO_COMMON_BLOCKS = YES;
				GCC_WARN_64_TO_32_BIT_CONVERSION = YES;
				GCC_WARN_ABOUT_RETURN_TYPE = YES_ERROR;
				GCC_WARN_UNDECLARED_SELECTOR = YES;
				GCC_WARN_UNINITIALIZED_AUTOS = YES_AGGRESSIVE;
				GCC_WARN_UNUSED_FUNCTION = YES;
				GCC_WARN_UNUSED_VARIABLE = YES;
				IPHONEOS_DEPLOYMENT_TARGET = 15.4;
				MTL_ENABLE_DEBUG_INFO = NO;
				MTL_FAST_MATH = YES;
				SDKROOT = iphoneos;
				SWIFT_COMPILATION_MODE = wholemodule;
				SWIFT_OPTIMIZATION_LEVEL = "-O";
				VALIDATE_PRODUCT = YES;
			};
			name = Release;
		};
		86C504FF27E4CC290074EBB8 /* Debug */ = {
			isa = XCBuildConfiguration;
			buildSettings = {
				ALWAYS_EMBED_SWIFT_STANDARD_LIBRARIES = YES;
				ASSETCATALOG_COMPILER_APPICON_NAME = AppIcon;
				ASSETCATALOG_COMPILER_GLOBAL_ACCENT_COLOR_NAME = AccentColor;
				CODE_SIGN_ENTITLEMENTS = "ProjectAssistant/Configuration/My Portfolio.entitlements";
				CODE_SIGN_STYLE = Automatic;
				CURRENT_PROJECT_VERSION = 1;
				DEVELOPMENT_ASSET_PATHS = "\"ProjectAssistant/Preview Content\"";
				DEVELOPMENT_TEAM = D27X6VQP35;
				ENABLE_PREVIEWS = YES;
				GENERATE_INFOPLIST_FILE = YES;
				INFOPLIST_FILE = "ProjectAssistant/Configuration/My-Portfolio-Info.plist";
				INFOPLIST_KEY_UIApplicationSceneManifest_Generation = YES;
				INFOPLIST_KEY_UIApplicationSupportsIndirectInputEvents = YES;
				INFOPLIST_KEY_UILaunchScreen_Generation = YES;
				INFOPLIST_KEY_UISupportedInterfaceOrientations_iPad = "UIInterfaceOrientationPortrait UIInterfaceOrientationPortraitUpsideDown UIInterfaceOrientationLandscapeLeft UIInterfaceOrientationLandscapeRight";
				INFOPLIST_KEY_UISupportedInterfaceOrientations_iPhone = "UIInterfaceOrientationPortrait UIInterfaceOrientationLandscapeLeft UIInterfaceOrientationLandscapeRight";
				LD_RUNPATH_SEARCH_PATHS = (
					"$(inherited)",
					"@executable_path/Frameworks",
				);
				MARKETING_VERSION = 1.0;
				PRODUCT_BUNDLE_IDENTIFIER = co.jdocampom.ProjectAssistant;
				PRODUCT_NAME = "$(TARGET_NAME)";
				SWIFT_EMIT_LOC_STRINGS = YES;
				SWIFT_VERSION = 5.0;
				TARGETED_DEVICE_FAMILY = "1,2";
			};
			name = Debug;
		};
		86C5050027E4CC290074EBB8 /* Release */ = {
			isa = XCBuildConfiguration;
			buildSettings = {
				ALWAYS_EMBED_SWIFT_STANDARD_LIBRARIES = YES;
				ASSETCATALOG_COMPILER_APPICON_NAME = AppIcon;
				ASSETCATALOG_COMPILER_GLOBAL_ACCENT_COLOR_NAME = AccentColor;
				CODE_SIGN_ENTITLEMENTS = "ProjectAssistant/Configuration/My Portfolio.entitlements";
				CODE_SIGN_STYLE = Automatic;
				CURRENT_PROJECT_VERSION = 1;
				DEVELOPMENT_ASSET_PATHS = "\"ProjectAssistant/Preview Content\"";
				DEVELOPMENT_TEAM = D27X6VQP35;
				ENABLE_PREVIEWS = YES;
				GENERATE_INFOPLIST_FILE = YES;
				INFOPLIST_FILE = "ProjectAssistant/Configuration/My-Portfolio-Info.plist";
				INFOPLIST_KEY_UIApplicationSceneManifest_Generation = YES;
				INFOPLIST_KEY_UIApplicationSupportsIndirectInputEvents = YES;
				INFOPLIST_KEY_UILaunchScreen_Generation = YES;
				INFOPLIST_KEY_UISupportedInterfaceOrientations_iPad = "UIInterfaceOrientationPortrait UIInterfaceOrientationPortraitUpsideDown UIInterfaceOrientationLandscapeLeft UIInterfaceOrientationLandscapeRight";
				INFOPLIST_KEY_UISupportedInterfaceOrientations_iPhone = "UIInterfaceOrientationPortrait UIInterfaceOrientationLandscapeLeft UIInterfaceOrientationLandscapeRight";
				LD_RUNPATH_SEARCH_PATHS = (
					"$(inherited)",
					"@executable_path/Frameworks",
				);
				MARKETING_VERSION = 1.0;
				PRODUCT_BUNDLE_IDENTIFIER = co.jdocampom.ProjectAssistant;
				PRODUCT_NAME = "$(TARGET_NAME)";
				SWIFT_EMIT_LOC_STRINGS = YES;
				SWIFT_VERSION = 5.0;
				TARGETED_DEVICE_FAMILY = "1,2";
			};
			name = Release;
		};
		86D59C5F27EE090700A60DDD /* Debug */ = {
			isa = XCBuildConfiguration;
			buildSettings = {
				BUNDLE_LOADER = "$(TEST_HOST)";
				CODE_SIGN_STYLE = Automatic;
				CURRENT_PROJECT_VERSION = 1;
				DEVELOPMENT_TEAM = D27X6VQP35;
				GENERATE_INFOPLIST_FILE = YES;
				MARKETING_VERSION = 1.0;
				PRODUCT_BUNDLE_IDENTIFIER = "co.jdocampom.My-PortfolioTests";
				PRODUCT_NAME = "$(TARGET_NAME)";
				SWIFT_EMIT_LOC_STRINGS = NO;
				SWIFT_VERSION = 5.0;
				TARGETED_DEVICE_FAMILY = "1,2";
				TEST_HOST = "$(BUILT_PRODUCTS_DIR)/ProjectAssistant.app/ProjectAssistant";
			};
			name = Debug;
		};
		86D59C6027EE090700A60DDD /* Release */ = {
			isa = XCBuildConfiguration;
			buildSettings = {
				BUNDLE_LOADER = "$(TEST_HOST)";
				CODE_SIGN_STYLE = Automatic;
				CURRENT_PROJECT_VERSION = 1;
				DEVELOPMENT_TEAM = D27X6VQP35;
				GENERATE_INFOPLIST_FILE = YES;
				MARKETING_VERSION = 1.0;
				PRODUCT_BUNDLE_IDENTIFIER = "co.jdocampom.My-PortfolioTests";
				PRODUCT_NAME = "$(TARGET_NAME)";
				SWIFT_EMIT_LOC_STRINGS = NO;
				SWIFT_VERSION = 5.0;
				TARGETED_DEVICE_FAMILY = "1,2";
				TEST_HOST = "$(BUILT_PRODUCTS_DIR)/ProjectAssistant.app/ProjectAssistant";
			};
			name = Release;
		};
/* End XCBuildConfiguration section */

/* Begin XCConfigurationList section */
		86784F2227EE816B005EC3A6 /* Build configuration list for PBXNativeTarget "ProjectAssistantUITests" */ = {
			isa = XCConfigurationList;
			buildConfigurations = (
				86784F2327EE816B005EC3A6 /* Debug */,
				86784F2427EE816B005EC3A6 /* Release */,
			);
			defaultConfigurationIsVisible = 0;
			defaultConfigurationName = Release;
		};
		86B8A8FD27FA7B5700639A14 /* Build configuration list for PBXNativeTarget "ProjectAssistantWidgetExtension" */ = {
			isa = XCConfigurationList;
			buildConfigurations = (
				86B8A8FB27FA7B5700639A14 /* Debug */,
				86B8A8FC27FA7B5700639A14 /* Release */,
			);
			defaultConfigurationIsVisible = 0;
			defaultConfigurationName = Release;
		};
		86C504EB27E4CC270074EBB8 /* Build configuration list for PBXProject "ProjectAssistant" */ = {
			isa = XCConfigurationList;
			buildConfigurations = (
				86C504FC27E4CC290074EBB8 /* Debug */,
				86C504FD27E4CC290074EBB8 /* Release */,
			);
			defaultConfigurationIsVisible = 0;
			defaultConfigurationName = Release;
		};
		86C504FE27E4CC290074EBB8 /* Build configuration list for PBXNativeTarget "ProjectAssistant" */ = {
			isa = XCConfigurationList;
			buildConfigurations = (
				86C504FF27E4CC290074EBB8 /* Debug */,
				86C5050027E4CC290074EBB8 /* Release */,
			);
			defaultConfigurationIsVisible = 0;
			defaultConfigurationName = Release;
		};
		86D59C5E27EE090700A60DDD /* Build configuration list for PBXNativeTarget "ProjectAssistantTests" */ = {
			isa = XCConfigurationList;
			buildConfigurations = (
				86D59C5F27EE090700A60DDD /* Debug */,
				86D59C6027EE090700A60DDD /* Release */,
			);
			defaultConfigurationIsVisible = 0;
			defaultConfigurationName = Release;
		};
/* End XCConfigurationList section */

/* Begin XCVersionGroup section */
		86C5050127E4CF580074EBB8 /* Main.xcdatamodeld */ = {
			isa = XCVersionGroup;
			children = (
				86C5050227E4CF580074EBB8 /* Main.xcdatamodel */,
			);
			currentVersion = 86C5050227E4CF580074EBB8 /* Main.xcdatamodel */;
			path = Main.xcdatamodeld;
			sourceTree = "<group>";
			versionGroupType = wrapper.xcdatamodel;
		};
/* End XCVersionGroup section */
	};
	rootObject = 86C504E827E4CC270074EBB8 /* Project object */;
}
